
Microsoft Visual Studio Solution File, Format Version 12.00
# Visual Studio Version 17
VisualStudioVersion = 17.9.34714.143
MinimumVisualStudioVersion = 10.0.40219.1
Project("{FAE04EC0-301F-11D3-BF4B-00C04F79EFBC}") = "IRSCleanArchitecture.Domain", "IRSCleanArchitecture.Domain\IRSCleanArchitecture.Domain.csproj", "{D70E7418-43C4-4D35-AEC2-9ED276B8E752}"
EndProject
Project("{FAE04EC0-301F-11D3-BF4B-00C04F79EFBC}") = "IRSCleanArchitecture.Application", "IRSCleanArchitecture.Application\IRSCleanArchitecture.Application.csproj", "{851DCCE7-D587-4419-B721-D968D5536DDF}"
EndProject
Project("{FAE04EC0-301F-11D3-BF4B-00C04F79EFBC}") = "IRSCleanArchitecture.Persistence", "IRSCleanArchitecture.Persistence\IRSCleanArchitecture.Persistence.csproj", "{47090AB9-9561-4021-8831-EBD3C607AAA4}"
EndProject
Project("{FAE04EC0-301F-11D3-BF4B-00C04F79EFBC}") = "IRSCleanArchitecture.API", "IRSCleanArchitecture.API\IRSCleanArchitecture.API.csproj", "{5EAF48E8-0B09-43F8-89BB-C14BCCEBA8B3}"
EndProject
Project("{FAE04EC0-301F-11D3-BF4B-00C04F79EFBC}") = "IRSCleanArchitecture.Test", "IRSCleanArchitecture.Test\IRSCleanArchitecture.Test.csproj", "{DE3A6A24-2B13-4764-8426-1B81D2BF79EA}"
EndProject
Global
	GlobalSection(SolutionConfigurationPlatforms) = preSolution
		Debug|Any CPU = Debug|Any CPU
		Release|Any CPU = Release|Any CPU
	EndGlobalSection
	GlobalSection(ProjectConfigurationPlatforms) = postSolution
		{D70E7418-43C4-4D35-AEC2-9ED276B8E752}.Debug|Any CPU.ActiveCfg = Debug|Any CPU
		{D70E7418-43C4-4D35-AEC2-9ED276B8E752}.Debug|Any CPU.Build.0 = Debug|Any CPU
		{D70E7418-43C4-4D35-AEC2-9ED276B8E752}.Release|Any CPU.ActiveCfg = Release|Any CPU
		{D70E7418-43C4-4D35-AEC2-9ED276B8E752}.Release|Any CPU.Build.0 = Release|Any CPU
		{851DCCE7-D587-4419-B721-D968D5536DDF}.Debug|Any CPU.ActiveCfg = Debug|Any CPU
		{851DCCE7-D587-4419-B721-D968D5536DDF}.Debug|Any CPU.Build.0 = Debug|Any CPU
		{851DCCE7-D587-4419-B721-D968D5536DDF}.Release|Any CPU.ActiveCfg = Release|Any CPU
		{851DCCE7-D587-4419-B721-D968D5536DDF}.Release|Any CPU.Build.0 = Release|Any CPU
		{47090AB9-9561-4021-8831-EBD3C607AAA4}.Debug|Any CPU.ActiveCfg = Debug|Any CPU
		{47090AB9-9561-4021-8831-EBD3C607AAA4}.Debug|Any CPU.Build.0 = Debug|Any CPU
		{47090AB9-9561-4021-8831-EBD3C607AAA4}.Release|Any CPU.ActiveCfg = Release|Any CPU
		{47090AB9-9561-4021-8831-EBD3C607AAA4}.Release|Any CPU.Build.0 = Release|Any CPU
		{5EAF48E8-0B09-43F8-89BB-C14BCCEBA8B3}.Debug|Any CPU.ActiveCfg = Debug|Any CPU
		{5EAF48E8-0B09-43F8-89BB-C14BCCEBA8B3}.Debug|Any CPU.Build.0 = Debug|Any CPU
		{5EAF48E8-0B09-43F8-89BB-C14BCCEBA8B3}.Release|Any CPU.ActiveCfg = Release|Any CPU
		{5EAF48E8-0B09-43F8-89BB-C14BCCEBA8B3}.Release|Any CPU.Build.0 = Release|Any CPU
		{DE3A6A24-2B13-4764-8426-1B81D2BF79EA}.Debug|Any CPU.ActiveCfg = Debug|Any CPU
		{DE3A6A24-2B13-4764-8426-1B81D2BF79EA}.Debug|Any CPU.Build.0 = Debug|Any CPU
		{DE3A6A24-2B13-4764-8426-1B81D2BF79EA}.Release|Any CPU.ActiveCfg = Release|Any CPU
		{DE3A6A24-2B13-4764-8426-1B81D2BF79EA}.Release|Any CPU.Build.0 = Release|Any CPU
	EndGlobalSection
	GlobalSection(SolutionProperties) = preSolution
		HideSolutionNode = FALSE
	EndGlobalSection
	GlobalSection(ExtensibilityGlobals) = postSolution
		SolutionGuid = {D2C5B8EF-CE7E-479C-8680-9751AEC71249}
	EndGlobalSection
EndGlobal
